// !$*UTF8*$!
{
	archiveVersion = 1;
	classes = {
	};
	objectVersion = 56;
	objects = {

/* Begin PBXBuildFile section */
		694AA1732B097AAA000B584F /* AnimationsApp.swift in Sources */ = {isa = PBXBuildFile; fileRef = 694AA1722B097AAA000B584F /* AnimationsApp.swift */; };
		694AA1752B097AAA000B584F /* ContentView.swift in Sources */ = {isa = PBXBuildFile; fileRef = 694AA1742B097AAA000B584F /* ContentView.swift */; };
		694AA1772B097AAB000B584F /* Assets.xcassets in Resources */ = {isa = PBXBuildFile; fileRef = 694AA1762B097AAB000B584F /* Assets.xcassets */; };
		694AA17A2B097AAB000B584F /* Preview Assets.xcassets in Resources */ = {isa = PBXBuildFile; fileRef = 694AA1792B097AAB000B584F /* Preview Assets.xcassets */; };
		694AA1842B097AAB000B584F /* AnimationsTests.swift in Sources */ = {isa = PBXBuildFile; fileRef = 694AA1832B097AAB000B584F /* AnimationsTests.swift */; };
		694AA18E2B097AAB000B584F /* AnimationsUITests.swift in Sources */ = {isa = PBXBuildFile; fileRef = 694AA18D2B097AAB000B584F /* AnimationsUITests.swift */; };
		694AA1902B097AAB000B584F /* AnimationsUITestsLaunchTests.swift in Sources */ = {isa = PBXBuildFile; fileRef = 694AA18F2B097AAB000B584F /* AnimationsUITestsLaunchTests.swift */; };
		694AA19D2B097B27000B584F /* PracticeAnimating.swift in Sources */ = {isa = PBXBuildFile; fileRef = 694AA19C2B097B27000B584F /* PracticeAnimating.swift */; };
		694AA19F2B09ABF0000B584F /* AnimationBindingView.swift in Sources */ = {isa = PBXBuildFile; fileRef = 694AA19E2B09ABF0000B584F /* AnimationBindingView.swift */; };
		694AA1A12B0A9DC8000B584F /* AnimatingGesturesView.swift in Sources */ = {isa = PBXBuildFile; fileRef = 694AA1A02B0A9DC8000B584F /* AnimatingGesturesView.swift */; };
/* End PBXBuildFile section */

/* Begin PBXContainerItemProxy section */
		694AA1802B097AAB000B584F /* PBXContainerItemProxy */ = {
			isa = PBXContainerItemProxy;
			containerPortal = 694AA1672B097AAA000B584F /* Project object */;
			proxyType = 1;
			remoteGlobalIDString = 694AA16E2B097AAA000B584F;
			remoteInfo = Animations;
		};
		694AA18A2B097AAB000B584F /* PBXContainerItemProxy */ = {
			isa = PBXContainerItemProxy;
			containerPortal = 694AA1672B097AAA000B584F /* Project object */;
			proxyType = 1;
			remoteGlobalIDString = 694AA16E2B097AAA000B584F;
			remoteInfo = Animations;
		};
/* End PBXContainerItemProxy section */

/* Begin PBXFileReference section */
		694AA16F2B097AAA000B584F /* Animations.app */ = {isa = PBXFileReference; explicitFileType = wrapper.application; includeInIndex = 0; path = Animations.app; sourceTree = BUILT_PRODUCTS_DIR; };
		694AA1722B097AAA000B584F /* AnimationsApp.swift */ = {isa = PBXFileReference; lastKnownFileType = sourcecode.swift; path = AnimationsApp.swift; sourceTree = "<group>"; };
		694AA1742B097AAA000B584F /* ContentView.swift */ = {isa = PBXFileReference; lastKnownFileType = sourcecode.swift; path = ContentView.swift; sourceTree = "<group>"; };
		694AA1762B097AAB000B584F /* Assets.xcassets */ = {isa = PBXFileReference; lastKnownFileType = folder.assetcatalog; path = Assets.xcassets; sourceTree = "<group>"; };
		694AA1792B097AAB000B584F /* Preview Assets.xcassets */ = {isa = PBXFileReference; lastKnownFileType = folder.assetcatalog; path = "Preview Assets.xcassets"; sourceTree = "<group>"; };
		694AA17F2B097AAB000B584F /* AnimationsTests.xctest */ = {isa = PBXFileReference; explicitFileType = wrapper.cfbundle; includeInIndex = 0; path = AnimationsTests.xctest; sourceTree = BUILT_PRODUCTS_DIR; };
		694AA1832B097AAB000B584F /* AnimationsTests.swift */ = {isa = PBXFileReference; lastKnownFileType = sourcecode.swift; path = AnimationsTests.swift; sourceTree = "<group>"; };
		694AA1892B097AAB000B584F /* AnimationsUITests.xctest */ = {isa = PBXFileReference; explicitFileType = wrapper.cfbundle; includeInIndex = 0; path = AnimationsUITests.xctest; sourceTree = BUILT_PRODUCTS_DIR; };
		694AA18D2B097AAB000B584F /* AnimationsUITests.swift */ = {isa = PBXFileReference; lastKnownFileType = sourcecode.swift; path = AnimationsUITests.swift; sourceTree = "<group>"; };
		694AA18F2B097AAB000B584F /* AnimationsUITestsLaunchTests.swift */ = {isa = PBXFileReference; lastKnownFileType = sourcecode.swift; path = AnimationsUITestsLaunchTests.swift; sourceTree = "<group>"; };
		694AA19C2B097B27000B584F /* PracticeAnimating.swift */ = {isa = PBXFileReference; lastKnownFileType = sourcecode.swift; path = PracticeAnimating.swift; sourceTree = "<group>"; };
		694AA19E2B09ABF0000B584F /* AnimationBindingView.swift */ = {isa = PBXFileReference; lastKnownFileType = sourcecode.swift; path = AnimationBindingView.swift; sourceTree = "<group>"; };
		694AA1A02B0A9DC8000B584F /* AnimatingGesturesView.swift */ = {isa = PBXFileReference; lastKnownFileType = sourcecode.swift; path = AnimatingGesturesView.swift; sourceTree = "<group>"; };
/* End PBXFileReference section */

/* Begin PBXFrameworksBuildPhase section */
		694AA16C2B097AAA000B584F /* Frameworks */ = {
			isa = PBXFrameworksBuildPhase;
			buildActionMask = 2147483647;
			files = (
			);
			runOnlyForDeploymentPostprocessing = 0;
		};
		694AA17C2B097AAB000B584F /* Frameworks */ = {
			isa = PBXFrameworksBuildPhase;
			buildActionMask = 2147483647;
			files = (
			);
			runOnlyForDeploymentPostprocessing = 0;
		};
		694AA1862B097AAB000B584F /* Frameworks */ = {
			isa = PBXFrameworksBuildPhase;
			buildActionMask = 2147483647;
			files = (
			);
			runOnlyForDeploymentPostprocessing = 0;
		};
/* End PBXFrameworksBuildPhase section */

/* Begin PBXGroup section */
		694AA1662B097AAA000B584F = {
			isa = PBXGroup;
			children = (
				694AA1712B097AAA000B584F /* Animations */,
				694AA1822B097AAB000B584F /* AnimationsTests */,
				694AA18C2B097AAB000B584F /* AnimationsUITests */,
				694AA1702B097AAA000B584F /* Products */,
			);
			sourceTree = "<group>";
		};
		694AA1702B097AAA000B584F /* Products */ = {
			isa = PBXGroup;
			children = (
				694AA16F2B097AAA000B584F /* Animations.app */,
				694AA17F2B097AAB000B584F /* AnimationsTests.xctest */,
				694AA1892B097AAB000B584F /* AnimationsUITests.xctest */,
			);
			name = Products;
			sourceTree = "<group>";
		};
		694AA1712B097AAA000B584F /* Animations */ = {
			isa = PBXGroup;
			children = (
				694AA1722B097AAA000B584F /* AnimationsApp.swift */,
				694AA1742B097AAA000B584F /* ContentView.swift */,
				694AA1A02B0A9DC8000B584F /* AnimatingGesturesView.swift */,
				694AA19C2B097B27000B584F /* PracticeAnimating.swift */,
				694AA19E2B09ABF0000B584F /* AnimationBindingView.swift */,
				694AA1762B097AAB000B584F /* Assets.xcassets */,
				694AA1782B097AAB000B584F /* Preview Content */,
			);
			path = Animations;
			sourceTree = "<group>";
		};
		694AA1782B097AAB000B584F /* Preview Content */ = {
			isa = PBXGroup;
			children = (
				694AA1792B097AAB000B584F /* Preview Assets.xcassets */,
			);
			path = "Preview Content";
			sourceTree = "<group>";
		};
		694AA1822B097AAB000B584F /* AnimationsTests */ = {
			isa = PBXGroup;
			children = (
				694AA1832B097AAB000B584F /* AnimationsTests.swift */,
			);
			path = AnimationsTests;
			sourceTree = "<group>";
		};
		694AA18C2B097AAB000B584F /* AnimationsUITests */ = {
			isa = PBXGroup;
			children = (
				694AA18D2B097AAB000B584F /* AnimationsUITests.swift */,
				694AA18F2B097AAB000B584F /* AnimationsUITestsLaunchTests.swift */,
			);
			path = AnimationsUITests;
			sourceTree = "<group>";
		};
/* End PBXGroup section */

/* Begin PBXNativeTarget section */
		694AA16E2B097AAA000B584F /* Animations */ = {
			isa = PBXNativeTarget;
			buildConfigurationList = 694AA1932B097AAB000B584F /* Build configuration list for PBXNativeTarget "Animations" */;
			buildPhases = (
				694AA16B2B097AAA000B584F /* Sources */,
				694AA16C2B097AAA000B584F /* Frameworks */,
				694AA16D2B097AAA000B584F /* Resources */,
			);
			buildRules = (
			);
			dependencies = (
			);
			name = Animations;
			productName = Animations;
			productReference = 694AA16F2B097AAA000B584F /* Animations.app */;
			productType = "com.apple.product-type.application";
		};
		694AA17E2B097AAB000B584F /* AnimationsTests */ = {
			isa = PBXNativeTarget;
			buildConfigurationList = 694AA1962B097AAB000B584F /* Build configuration list for PBXNativeTarget "AnimationsTests" */;
			buildPhases = (
				694AA17B2B097AAB000B584F /* Sources */,
				694AA17C2B097AAB000B584F /* Frameworks */,
				694AA17D2B097AAB000B584F /* Resources */,
			);
			buildRules = (
			);
			dependencies = (
				694AA1812B097AAB000B584F /* PBXTargetDependency */,
			);
			name = AnimationsTests;
			productName = AnimationsTests;
			productReference = 694AA17F2B097AAB000B584F /* AnimationsTests.xctest */;
			productType = "com.apple.product-type.bundle.unit-test";
		};
		694AA1882B097AAB000B584F /* AnimationsUITests */ = {
			isa = PBXNativeTarget;
			buildConfigurationList = 694AA1992B097AAB000B584F /* Build configuration list for PBXNativeTarget "AnimationsUITests" */;
			buildPhases = (
				694AA1852B097AAB000B584F /* Sources */,
				694AA1862B097AAB000B584F /* Frameworks */,
				694AA1872B097AAB000B584F /* Resources */,
			);
			buildRules = (
			);
			dependencies = (
				694AA18B2B097AAB000B584F /* PBXTargetDependency */,
			);
			name = AnimationsUITests;
			productName = AnimationsUITests;
			productReference = 694AA1892B097AAB000B584F /* AnimationsUITests.xctest */;
			productType = "com.apple.product-type.bundle.ui-testing";
		};
/* End PBXNativeTarget section */

/* Begin PBXProject section */
		694AA1672B097AAA000B584F /* Project object */ = {
			isa = PBXProject;
			attributes = {
				BuildIndependentTargetsInParallel = 1;
				LastSwiftUpdateCheck = 1500;
				LastUpgradeCheck = 1500;
				TargetAttributes = {
					694AA16E2B097AAA000B584F = {
						CreatedOnToolsVersion = 15.0;
					};
					694AA17E2B097AAB000B584F = {
						CreatedOnToolsVersion = 15.0;
						TestTargetID = 694AA16E2B097AAA000B584F;
					};
					694AA1882B097AAB000B584F = {
						CreatedOnToolsVersion = 15.0;
						TestTargetID = 694AA16E2B097AAA000B584F;
					};
				};
			};
			buildConfigurationList = 694AA16A2B097AAA000B584F /* Build configuration list for PBXProject "Animations" */;
			compatibilityVersion = "Xcode 14.0";
			developmentRegion = en;
			hasScannedForEncodings = 0;
			knownRegions = (
				en,
				Base,
			);
			mainGroup = 694AA1662B097AAA000B584F;
			productRefGroup = 694AA1702B097AAA000B584F /* Products */;
			projectDirPath = "";
			projectRoot = "";
			targets = (
				694AA16E2B097AAA000B584F /* Animations */,
				694AA17E2B097AAB000B584F /* AnimationsTests */,
				694AA1882B097AAB000B584F /* AnimationsUITests */,
			);
		};
/* End PBXProject section */

/* Begin PBXResourcesBuildPhase section */
		694AA16D2B097AAA000B584F /* Resources */ = {
			isa = PBXResourcesBuildPhase;
			buildActionMask = 2147483647;
			files = (
				694AA17A2B097AAB000B584F /* Preview Assets.xcassets in Resources */,
				694AA1772B097AAB000B584F /* Assets.xcassets in Resources */,
			);
			runOnlyForDeploymentPostprocessing = 0;
		};
		694AA17D2B097AAB000B584F /* Resources */ = {
			isa = PBXResourcesBuildPhase;
			buildActionMask = 2147483647;
			files = (
			);
			runOnlyForDeploymentPostprocessing = 0;
		};
		694AA1872B097AAB000B584F /* Resources */ = {
			isa = PBXResourcesBuildPhase;
			buildActionMask = 2147483647;
			files = (
			);
			runOnlyForDeploymentPostprocessing = 0;
		};
/* End PBXResourcesBuildPhase section */

/* Begin PBXSourcesBuildPhase section */
		694AA16B2B097AAA000B584F /* Sources */ = {
			isa = PBXSourcesBuildPhase;
			buildActionMask = 2147483647;
			files = (
				694AA1752B097AAA000B584F /* ContentView.swift in Sources */,
				694AA1732B097AAA000B584F /* AnimationsApp.swift in Sources */,
				694AA19D2B097B27000B584F /* PracticeAnimating.swift in Sources */,
				694AA19F2B09ABF0000B584F /* AnimationBindingView.swift in Sources */,
				694AA1A12B0A9DC8000B584F /* AnimatingGesturesView.swift in Sources */,
			);
			runOnlyForDeploymentPostprocessing = 0;
		};
		694AA17B2B097AAB000B584F /* Sources */ = {
			isa = PBXSourcesBuildPhase;
			buildActionMask = 2147483647;
			files = (
				694AA1842B097AAB000B584F /* AnimationsTests.swift in Sources */,
			);
			runOnlyForDeploymentPostprocessing = 0;
		};
		694AA1852B097AAB000B584F /* Sources */ = {
			isa = PBXSourcesBuildPhase;
			buildActionMask = 2147483647;
			files = (
				694AA18E2B097AAB000B584F /* AnimationsUITests.swift in Sources */,
				694AA1902B097AAB000B584F /* AnimationsUITestsLaunchTests.swift in Sources */,
			);
			runOnlyForDeploymentPostprocessing = 0;
		};
/* End PBXSourcesBuildPhase section */

/* Begin PBXTargetDependency section */
		694AA1812B097AAB000B584F /* PBXTargetDependency */ = {
			isa = PBXTargetDependency;
			target = 694AA16E2B097AAA000B584F /* Animations */;
			targetProxy = 694AA1802B097AAB000B584F /* PBXContainerItemProxy */;
		};
		694AA18B2B097AAB000B584F /* PBXTargetDependency */ = {
			isa = PBXTargetDependency;
			target = 694AA16E2B097AAA000B584F /* Animations */;
			targetProxy = 694AA18A2B097AAB000B584F /* PBXContainerItemProxy */;
		};
/* End PBXTargetDependency section */

/* Begin XCBuildConfiguration section */
		694AA1912B097AAB000B584F /* Debug */ = {
			isa = XCBuildConfiguration;
			buildSettings = {
				ALWAYS_SEARCH_USER_PATHS = NO;
				ASSETCATALOG_COMPILER_GENERATE_SWIFT_ASSET_SYMBOL_EXTENSIONS = YES;
				CLANG_ANALYZER_NONNULL = YES;
				CLANG_ANALYZER_NUMBER_OBJECT_CONVERSION = YES_AGGRESSIVE;
				CLANG_CXX_LANGUAGE_STANDARD = "gnu++20";
				CLANG_ENABLE_MODULES = YES;
				CLANG_ENABLE_OBJC_ARC = YES;
				CLANG_ENABLE_OBJC_WEAK = YES;
				CLANG_WARN_BLOCK_CAPTURE_AUTORELEASING = YES;
				CLANG_WARN_BOOL_CONVERSION = YES;
				CLANG_WARN_COMMA = YES;
				CLANG_WARN_CONSTANT_CONVERSION = YES;
				CLANG_WARN_DEPRECATED_OBJC_IMPLEMENTATIONS = YES;
				CLANG_WARN_DIRECT_OBJC_ISA_USAGE = YES_ERROR;
				CLANG_WARN_DOCUMENTATION_COMMENTS = YES;
				CLANG_WARN_EMPTY_BODY = YES;
				CLANG_WARN_ENUM_CONVERSION = YES;
				CLANG_WARN_INFINITE_RECURSION = YES;
				CLANG_WARN_INT_CONVERSION = YES;
				CLANG_WARN_NON_LITERAL_NULL_CONVERSION = YES;
				CLANG_WARN_OBJC_IMPLICIT_RETAIN_SELF = YES;
				CLANG_WARN_OBJC_LITERAL_CONVERSION = YES;
				CLANG_WARN_OBJC_ROOT_CLASS = YES_ERROR;
				CLANG_WARN_QUOTED_INCLUDE_IN_FRAMEWORK_HEADER = YES;
				CLANG_WARN_RANGE_LOOP_ANALYSIS = YES;
				CLANG_WARN_STRICT_PROTOTYPES = YES;
				CLANG_WARN_SUSPICIOUS_MOVE = YES;
				CLANG_WARN_UNGUARDED_AVAILABILITY = YES_AGGRESSIVE;
				CLANG_WARN_UNREACHABLE_CODE = YES;
				CLANG_WARN__DUPLICATE_METHOD_MATCH = YES;
				COPY_PHASE_STRIP = NO;
				DEBUG_INFORMATION_FORMAT = dwarf;
				ENABLE_STRICT_OBJC_MSGSEND = YES;
				ENABLE_TESTABILITY = YES;
				ENABLE_USER_SCRIPT_SANDBOXING = YES;
				GCC_C_LANGUAGE_STANDARD = gnu17;
				GCC_DYNAMIC_NO_PIC = NO;
				GCC_NO_COMMON_BLOCKS = YES;
				GCC_OPTIMIZATION_LEVEL = 0;
				GCC_PREPROCESSOR_DEFINITIONS = (
					"DEBUG=1",
					"$(inherited)",
				);
				GCC_WARN_64_TO_32_BIT_CONVERSION = YES;
				GCC_WARN_ABOUT_RETURN_TYPE = YES_ERROR;
				GCC_WARN_UNDECLARED_SELECTOR = YES;
				GCC_WARN_UNINITIALIZED_AUTOS = YES_AGGRESSIVE;
				GCC_WARN_UNUSED_FUNCTION = YES;
				GCC_WARN_UNUSED_VARIABLE = YES;
				IPHONEOS_DEPLOYMENT_TARGET = 17.0;
				LOCALIZATION_PREFERS_STRING_CATALOGS = YES;
				MTL_ENABLE_DEBUG_INFO = INCLUDE_SOURCE;
				MTL_FAST_MATH = YES;
				ONLY_ACTIVE_ARCH = YES;
				SDKROOT = iphoneos;
				SWIFT_ACTIVE_COMPILATION_CONDITIONS = "DEBUG $(inherited)";
				SWIFT_OPTIMIZATION_LEVEL = "-Onone";
			};
			name = Debug;
		};
		694AA1922B097AAB000B584F /* Release */ = {
			isa = XCBuildConfiguration;
			buildSettings = {
				ALWAYS_SEARCH_USER_PATHS = NO;
				ASSETCATALOG_COMPILER_GENERATE_SWIFT_ASSET_SYMBOL_EXTENSIONS = YES;
				CLANG_ANALYZER_NONNULL = YES;
				CLANG_ANALYZER_NUMBER_OBJECT_CONVERSION = YES_AGGRESSIVE;
				CLANG_CXX_LANGUAGE_STANDARD = "gnu++20";
				CLANG_ENABLE_MODULES = YES;
				CLANG_ENABLE_OBJC_ARC = YES;
				CLANG_ENABLE_OBJC_WEAK = YES;
				CLANG_WARN_BLOCK_CAPTURE_AUTORELEASING = YES;
				CLANG_WARN_BOOL_CONVERSION = YES;
				CLANG_WARN_COMMA = YES;
				CLANG_WARN_CONSTANT_CONVERSION = YES;
				CLANG_WARN_DEPRECATED_OBJC_IMPLEMENTATIONS = YES;
				CLANG_WARN_DIRECT_OBJC_ISA_USAGE = YES_ERROR;
				CLANG_WARN_DOCUMENTATION_COMMENTS = YES;
				CLANG_WARN_EMPTY_BODY = YES;
				CLANG_WARN_ENUM_CONVERSION = YES;
				CLANG_WARN_INFINITE_RECURSION = YES;
				CLANG_WARN_INT_CONVERSION = YES;
				CLANG_WARN_NON_LITERAL_NULL_CONVERSION = YES;
				CLANG_WARN_OBJC_IMPLICIT_RETAIN_SELF = YES;
				CLANG_WARN_OBJC_LITERAL_CONVERSION = YES;
				CLANG_WARN_OBJC_ROOT_CLASS = YES_ERROR;
				CLANG_WARN_QUOTED_INCLUDE_IN_FRAMEWORK_HEADER = YES;
				CLANG_WARN_RANGE_LOOP_ANALYSIS = YES;
				CLANG_WARN_STRICT_PROTOTYPES = YES;
				CLANG_WARN_SUSPICIOUS_MOVE = YES;
				CLANG_WARN_UNGUARDED_AVAILABILITY = YES_AGGRESSIVE;
				CLANG_WARN_UNREACHABLE_CODE = YES;
				CLANG_WARN__DUPLICATE_METHOD_MATCH = YES;
				COPY_PHASE_STRIP = NO;
				DEBUG_INFORMATION_FORMAT = "dwarf-with-dsym";
				ENABLE_NS_ASSERTIONS = NO;
				ENABLE_STRICT_OBJC_MSGSEND = YES;
				ENABLE_USER_SCRIPT_SANDBOXING = YES;
				GCC_C_LANGUAGE_STANDARD = gnu17;
				GCC_NO_COMMON_BLOCKS = YES;
				GCC_WARN_64_TO_32_BIT_CONVERSION = YES;
				GCC_WARN_ABOUT_RETURN_TYPE = YES_ERROR;
				GCC_WARN_UNDECLARED_SELECTOR = YES;
				GCC_WARN_UNINITIALIZED_AUTOS = YES_AGGRESSIVE;
				GCC_WARN_UNUSED_FUNCTION = YES;
				GCC_WARN_UNUSED_VARIABLE = YES;
				IPHONEOS_DEPLOYMENT_TARGET = 17.0;
				LOCALIZATION_PREFERS_STRING_CATALOGS = YES;
				MTL_ENABLE_DEBUG_INFO = NO;
				MTL_FAST_MATH = YES;
				SDKROOT = iphoneos;
				SWIFT_COMPILATION_MODE = wholemodule;
				VALIDATE_PRODUCT = YES;
			};
			name = Release;
		};
		694AA1942B097AAB000B584F /* Debug */ = {
			isa = XCBuildConfiguration;
			buildSettings = {
				ASSETCATALOG_COMPILER_APPICON_NAME = AppIcon;
				ASSETCATALOG_COMPILER_GLOBAL_ACCENT_COLOR_NAME = AccentColor;
				CODE_SIGN_STYLE = Automatic;
				CURRENT_PROJECT_VERSION = 1;
				DEVELOPMENT_ASSET_PATHS = "\"Animations/Preview Content\"";
				DEVELOPMENT_TEAM = WXWQYNX7C7;
				ENABLE_PREVIEWS = YES;
				GENERATE_INFOPLIST_FILE = YES;
				INFOPLIST_KEY_UIApplicationSceneManifest_Generation = YES;
				INFOPLIST_KEY_UIApplicationSupportsIndirectInputEvents = YES;
				INFOPLIST_KEY_UILaunchScreen_Generation = YES;
				INFOPLIST_KEY_UISupportedInterfaceOrientations_iPad = "UIInterfaceOrientationPortrait UIInterfaceOrientationPortraitUpsideDown UIInterfaceOrientationLandscapeLeft UIInterfaceOrientationLandscapeRight";
				INFOPLIST_KEY_UISupportedInterfaceOrientations_iPhone = "UIInterfaceOrientationPortrait UIInterfaceOrientationLandscapeLeft UIInterfaceOrientationLandscapeRight";
				LD_RUNPATH_SEARCH_PATHS = (
					"$(inherited)",
					"@executable_path/Frameworks",
				);
				MARKETING_VERSION = 1.0;
				PRODUCT_BUNDLE_IDENTIFIER = codingKam.Animations;
				PRODUCT_NAME = "$(TARGET_NAME)";
				SWIFT_EMIT_LOC_STRINGS = YES;
				SWIFT_VERSION = 5.0;
				TARGETED_DEVICE_FAMILY = "1,2";
			};
			name = Debug;
		};
		694AA1952B097AAB000B584F /* Release */ = {
			isa = XCBuildConfiguration;
			buildSettings = {
				ASSETCATALOG_COMPILER_APPICON_NAME = AppIcon;
				ASSETCATALOG_COMPILER_GLOBAL_ACCENT_COLOR_NAME = AccentColor;
				CODE_SIGN_STYLE = Automatic;
				CURRENT_PROJECT_VERSION = 1;
				DEVELOPMENT_ASSET_PATHS = "\"Animations/Preview Content\"";
				DEVELOPMENT_TEAM = WXWQYNX7C7;
				ENABLE_PREVIEWS = YES;
				GENERATE_INFOPLIST_FILE = YES;
				INFOPLIST_KEY_UIApplicationSceneManifest_Generation = YES;
				INFOPLIST_KEY_UIApplicationSupportsIndirectInputEvents = YES;
				INFOPLIST_KEY_UILaunchScreen_Generation = YES;
				INFOPLIST_KEY_UISupportedInterfaceOrientations_iPad = "UIInterfaceOrientationPortrait UIInterfaceOrientationPortraitUpsideDown UIInterfaceOrientationLandscapeLeft UIInterfaceOrientationLandscapeRight";
				INFOPLIST_KEY_UISupportedInterfaceOrientations_iPhone = "UIInterfaceOrientationPortrait UIInterfaceOrientationLandscapeLeft UIInterfaceOrientationLandscapeRight";
				LD_RUNPATH_SEARCH_PATHS = (
					"$(inherited)",
					"@executable_path/Frameworks",
				);
				MARKETING_VERSION = 1.0;
				PRODUCT_BUNDLE_IDENTIFIER = codingKam.Animations;
				PRODUCT_NAME = "$(TARGET_NAME)";
				SWIFT_EMIT_LOC_STRINGS = YES;
				SWIFT_VERSION = 5.0;
				TARGETED_DEVICE_FAMILY = "1,2";
			};
			name = Release;
		};
		694AA1972B097AAB000B584F /* Debug */ = {
			isa = XCBuildConfiguration;
			buildSettings = {
				ALWAYS_EMBED_SWIFT_STANDARD_LIBRARIES = YES;
				BUNDLE_LOADER = "$(TEST_HOST)";
				CODE_SIGN_STYLE = Automatic;
				CURRENT_PROJECT_VERSION = 1;
				DEVELOPMENT_TEAM = WXWQYNX7C7;
				GENERATE_INFOPLIST_FILE = YES;
				IPHONEOS_DEPLOYMENT_TARGET = 17.0;
				MARKETING_VERSION = 1.0;
				PRODUCT_BUNDLE_IDENTIFIER = codingKam.AnimationsTests;
				PRODUCT_NAME = "$(TARGET_NAME)";
				SWIFT_EMIT_LOC_STRINGS = NO;
				SWIFT_VERSION = 5.0;
				TARGETED_DEVICE_FAMILY = "1,2";
				TEST_HOST = "$(BUILT_PRODUCTS_DIR)/Animations.app/$(BUNDLE_EXECUTABLE_FOLDER_PATH)/Animations";
			};
			name = Debug;
		};
		694AA1982B097AAB000B584F /* Release */ = {
			isa = XCBuildConfiguration;
			buildSettings = {
				ALWAYS_EMBED_SWIFT_STANDARD_LIBRARIES = YES;
				BUNDLE_LOADER = "$(TEST_HOST)";
				CODE_SIGN_STYLE = Automatic;
				CURRENT_PROJECT_VERSION = 1;
				DEVELOPMENT_TEAM = WXWQYNX7C7;
				GENERATE_INFOPLIST_FILE = YES;
				IPHONEOS_DEPLOYMENT_TARGET = 17.0;
				MARKETING_VERSION = 1.0;
				PRODUCT_BUNDLE_IDENTIFIER = codingKam.AnimationsTests;
				PRODUCT_NAME = "$(TARGET_NAME)";
				SWIFT_EMIT_LOC_STRINGS = NO;
				SWIFT_VERSION = 5.0;
				TARGETED_DEVICE_FAMILY = "1,2";
				TEST_HOST = "$(BUILT_PRODUCTS_DIR)/Animations.app/$(BUNDLE_EXECUTABLE_FOLDER_PATH)/Animations";
			};
			name = Release;
		};
		694AA19A2B097AAB000B584F /* Debug */ = {
			isa = XCBuildConfiguration;
			buildSettings = {
				ALWAYS_EMBED_SWIFT_STANDARD_LIBRARIES = YES;
				CODE_SIGN_STYLE = Automatic;
				CURRENT_PROJECT_VERSION = 1;
				DEVELOPMENT_TEAM = WXWQYNX7C7;
				GENERATE_INFOPLIST_FILE = YES;
				MARKETING_VERSION = 1.0;
				PRODUCT_BUNDLE_IDENTIFIER = codingKam.AnimationsUITests;
				PRODUCT_NAME = "$(TARGET_NAME)";
				SWIFT_EMIT_LOC_STRINGS = NO;
				SWIFT_VERSION = 5.0;
				TARGETED_DEVICE_FAMILY = "1,2";
				TEST_TARGET_NAME = Animations;
			};
			name = Debug;
		};
		694AA19B2B097AAB000B584F /* Release */ = {
			isa = XCBuildConfiguration;
			buildSettings = {
				ALWAYS_EMBED_SWIFT_STANDARD_LIBRARIES = YES;
				CODE_SIGN_STYLE = Automatic;
				CURRENT_PROJECT_VERSION = 1;
				DEVELOPMENT_TEAM = WXWQYNX7C7;
				GENERATE_INFOPLIST_FILE = YES;
				MARKETING_VERSION = 1.0;
				PRODUCT_BUNDLE_IDENTIFIER = codingKam.AnimationsUITests;
				PRODUCT_NAME = "$(TARGET_NAME)";
				SWIFT_EMIT_LOC_STRINGS = NO;
				SWIFT_VERSION = 5.0;
				TARGETED_DEVICE_FAMILY = "1,2";
				TEST_TARGET_NAME = Animations;
			};
			name = Release;
		};
/* End XCBuildConfiguration section */

/* Begin XCConfigurationList section */
		694AA16A2B097AAA000B584F /* Build configuration list for PBXProject "Animations" */ = {
			isa = XCConfigurationList;
			buildConfigurations = (
				694AA1912B097AAB000B584F /* Debug */,
				694AA1922B097AAB000B584F /* Release */,
			);
			defaultConfigurationIsVisible = 0;
			defaultConfigurationName = Release;
		};
		694AA1932B097AAB000B584F /* Build configuration list for PBXNativeTarget "Animations" */ = {
			isa = XCConfigurationList;
			buildConfigurations = (
				694AA1942B097AAB000B584F /* Debug */,
				694AA1952B097AAB000B584F /* Release */,
			);
			defaultConfigurationIsVisible = 0;
			defaultConfigurationName = Release;
		};
		694AA1962B097AAB000B584F /* Build configuration list for PBXNativeTarget "AnimationsTests" */ = {
			isa = XCConfigurationList;
			buildConfigurations = (
				694AA1972B097AAB000B584F /* Debug */,
				694AA1982B097AAB000B584F /* Release */,
			);
			defaultConfigurationIsVisible = 0;
			defaultConfigurationName = Release;
		};
		694AA1992B097AAB000B584F /* Build configuration list for PBXNativeTarget "AnimationsUITests" */ = {
			isa = XCConfigurationList;
			buildConfigurations = (
				694AA19A2B097AAB000B584F /* Debug */,
				694AA19B2B097AAB000B584F /* Release */,
			);
			defaultConfigurationIsVisible = 0;
			defaultConfigurationName = Release;
		};
/* End XCConfigurationList section */
	};
	rootObject = 694AA1672B097AAA000B584F /* Project object */;
}
